
Microsoft Visual Studio Solution File, Format Version 12.00
# Visual Studio 15
VisualStudioVersion = 15.0.27130.2003
MinimumVisualStudioVersion = 10.0.40219.1
Project("{FAE04EC0-301F-11D3-BF4B-00C04F79EFBC}") = "AssetApp.Android", "AssetApp\AssetApp.Android\AssetApp.Android.csproj", "{D7407AC5-3D70-45AB-8850-7E639E717F02}"
EndProject
Project("{FAE04EC0-301F-11D3-BF4B-00C04F79EFBC}") = "AssetApp.iOS", "AssetApp\AssetApp.iOS\AssetApp.iOS.csproj", "{A75D3D08-F763-4DE9-9A85-8780277A93B3}"
EndProject
Project("{FAE04EC0-301F-11D3-BF4B-00C04F79EFBC}") = "AssetApp.UWP", "AssetApp\AssetApp.UWP\AssetApp.UWP.csproj", "{6C963085-B36C-441E-85C6-4AB649532265}"
EndProject
Project("{FAE04EC0-301F-11D3-BF4B-00C04F79EFBC}") = "AssetApp", "AssetApp\AssetApp\AssetApp.csproj", "{1B337F69-4361-494E-BA62-B0F7B0E35380}"
EndProject
Global
	GlobalSection(SolutionConfigurationPlatforms) = preSolution
		Ad-Hoc|Any CPU = Ad-Hoc|Any CPU
		Ad-Hoc|ARM = Ad-Hoc|ARM
		Ad-Hoc|iPhone = Ad-Hoc|iPhone
		Ad-Hoc|iPhoneSimulator = Ad-Hoc|iPhoneSimulator
		Ad-Hoc|x64 = Ad-Hoc|x64
		Ad-Hoc|x86 = Ad-Hoc|x86
		AppStore|Any CPU = AppStore|Any CPU
		AppStore|ARM = AppStore|ARM
		AppStore|iPhone = AppStore|iPhone
		AppStore|iPhoneSimulator = AppStore|iPhoneSimulator
		AppStore|x64 = AppStore|x64
		AppStore|x86 = AppStore|x86
		Debug|Any CPU = Debug|Any CPU
		Debug|ARM = Debug|ARM
		Debug|iPhone = Debug|iPhone
		Debug|iPhoneSimulator = Debug|iPhoneSimulator
		Debug|x64 = Debug|x64
		Debug|x86 = Debug|x86
		Release|Any CPU = Release|Any CPU
		Release|ARM = Release|ARM
		Release|iPhone = Release|iPhone
		Release|iPhoneSimulator = Release|iPhoneSimulator
		Release|x64 = Release|x64
		Release|x86 = Release|x86
	EndGlobalSection
	GlobalSection(ProjectConfigurationPlatforms) = postSolution
		{D7407AC5-3D70-45AB-8850-7E639E717F02}.Ad-Hoc|Any CPU.ActiveCfg = Release|Any CPU
		{D7407AC5-3D70-45AB-8850-7E639E717F02}.Ad-Hoc|Any CPU.Build.0 = Release|Any CPU
		{D7407AC5-3D70-45AB-8850-7E639E717F02}.Ad-Hoc|Any CPU.Deploy.0 = Release|Any CPU
		{D7407AC5-3D70-45AB-8850-7E639E717F02}.Ad-Hoc|ARM.ActiveCfg = Release|Any CPU
		{D7407AC5-3D70-45AB-8850-7E639E717F02}.Ad-Hoc|ARM.Build.0 = Release|Any CPU
		{D7407AC5-3D70-45AB-8850-7E639E717F02}.Ad-Hoc|ARM.Deploy.0 = Release|Any CPU
		{D7407AC5-3D70-45AB-8850-7E639E717F02}.Ad-Hoc|iPhone.ActiveCfg = Release|Any CPU
		{D7407AC5-3D70-45AB-8850-7E639E717F02}.Ad-Hoc|iPhone.Build.0 = Release|Any CPU
		{D7407AC5-3D70-45AB-8850-7E639E717F02}.Ad-Hoc|iPhone.Deploy.0 = Release|Any CPU
		{D7407AC5-3D70-45AB-8850-7E639E717F02}.Ad-Hoc|iPhoneSimulator.ActiveCfg = Release|Any CPU
		{D7407AC5-3D70-45AB-8850-7E639E717F02}.Ad-Hoc|iPhoneSimulator.Build.0 = Release|Any CPU
		{D7407AC5-3D70-45AB-8850-7E639E717F02}.Ad-Hoc|iPhoneSimulator.Deploy.0 = Release|Any CPU
		{D7407AC5-3D70-45AB-8850-7E639E717F02}.Ad-Hoc|x64.ActiveCfg = Release|Any CPU
		{D7407AC5-3D70-45AB-8850-7E639E717F02}.Ad-Hoc|x64.Build.0 = Release|Any CPU
		{D7407AC5-3D70-45AB-8850-7E639E717F02}.Ad-Hoc|x64.Deploy.0 = Release|Any CPU
		{D7407AC5-3D70-45AB-8850-7E639E717F02}.Ad-Hoc|x86.ActiveCfg = Release|Any CPU
		{D7407AC5-3D70-45AB-8850-7E639E717F02}.Ad-Hoc|x86.Build.0 = Release|Any CPU
		{D7407AC5-3D70-45AB-8850-7E639E717F02}.Ad-Hoc|x86.Deploy.0 = Release|Any CPU
		{D7407AC5-3D70-45AB-8850-7E639E717F02}.AppStore|Any CPU.ActiveCfg = Release|Any CPU
		{D7407AC5-3D70-45AB-8850-7E639E717F02}.AppStore|Any CPU.Build.0 = Release|Any CPU
		{D7407AC5-3D70-45AB-8850-7E639E717F02}.AppStore|Any CPU.Deploy.0 = Release|Any CPU
		{D7407AC5-3D70-45AB-8850-7E639E717F02}.AppStore|ARM.ActiveCfg = Release|Any CPU
		{D7407AC5-3D70-45AB-8850-7E639E717F02}.AppStore|ARM.Build.0 = Release|Any CPU
		{D7407AC5-3D70-45AB-8850-7E639E717F02}.AppStore|ARM.Deploy.0 = Release|Any CPU
		{D7407AC5-3D70-45AB-8850-7E639E717F02}.AppStore|iPhone.ActiveCfg = Release|Any CPU
		{D7407AC5-3D70-45AB-8850-7E639E717F02}.AppStore|iPhone.Build.0 = Release|Any CPU
		{D7407AC5-3D70-45AB-8850-7E639E717F02}.AppStore|iPhone.Deploy.0 = Release|Any CPU
		{D7407AC5-3D70-45AB-8850-7E639E717F02}.AppStore|iPhoneSimulator.ActiveCfg = Release|Any CPU
		{D7407AC5-3D70-45AB-8850-7E639E717F02}.AppStore|iPhoneSimulator.Build.0 = Release|Any CPU
		{D7407AC5-3D70-45AB-8850-7E639E717F02}.AppStore|iPhoneSimulator.Deploy.0 = Release|Any CPU
		{D7407AC5-3D70-45AB-8850-7E639E717F02}.AppStore|x64.ActiveCfg = Release|Any CPU
		{D7407AC5-3D70-45AB-8850-7E639E717F02}.AppStore|x64.Build.0 = Release|Any CPU
		{D7407AC5-3D70-45AB-8850-7E639E717F02}.AppStore|x64.Deploy.0 = Release|Any CPU
		{D7407AC5-3D70-45AB-8850-7E639E717F02}.AppStore|x86.ActiveCfg = Release|Any CPU
		{D7407AC5-3D70-45AB-8850-7E639E717F02}.AppStore|x86.Build.0 = Release|Any CPU
		{D7407AC5-3D70-45AB-8850-7E639E717F02}.AppStore|x86.Deploy.0 = Release|Any CPU
		{D7407AC5-3D70-45AB-8850-7E639E717F02}.Debug|Any CPU.ActiveCfg = Debug|Any CPU
		{D7407AC5-3D70-45AB-8850-7E639E717F02}.Debug|Any CPU.Build.0 = Debug|Any CPU
		{D7407AC5-3D70-45AB-8850-7E639E717F02}.Debug|Any CPU.Deploy.0 = Debug|Any CPU
		{D7407AC5-3D70-45AB-8850-7E639E717F02}.Debug|ARM.ActiveCfg = Debug|Any CPU
		{D7407AC5-3D70-45AB-8850-7E639E717F02}.Debug|ARM.Build.0 = Debug|Any CPU
		{D7407AC5-3D70-45AB-8850-7E639E717F02}.Debug|ARM.Deploy.0 = Debug|Any CPU
		{D7407AC5-3D70-45AB-8850-7E639E717F02}.Debug|iPhone.ActiveCfg = Debug|Any CPU
		{D7407AC5-3D70-45AB-8850-7E639E717F02}.Debug|iPhone.Build.0 = Debug|Any CPU
		{D7407AC5-3D70-45AB-8850-7E639E717F02}.Debug|iPhone.Deploy.0 = Debug|Any CPU
		{D7407AC5-3D70-45AB-8850-7E639E717F02}.Debug|iPhoneSimulator.ActiveCfg = Debug|Any CPU
		{D7407AC5-3D70-45AB-8850-7E639E717F02}.Debug|iPhoneSimulator.Build.0 = Debug|Any CPU
		{D7407AC5-3D70-45AB-8850-7E639E717F02}.Debug|iPhoneSimulator.Deploy.0 = Debug|Any CPU
		{D7407AC5-3D70-45AB-8850-7E639E717F02}.Debug|x64.ActiveCfg = Debug|Any CPU
		{D7407AC5-3D70-45AB-8850-7E639E717F02}.Debug|x64.Build.0 = Debug|Any CPU
		{D7407AC5-3D70-45AB-8850-7E639E717F02}.Debug|x64.Deploy.0 = Debug|Any CPU
		{D7407AC5-3D70-45AB-8850-7E639E717F02}.Debug|x86.ActiveCfg = Debug|Any CPU
		{D7407AC5-3D70-45AB-8850-7E639E717F02}.Debug|x86.Build.0 = Debug|Any CPU
		{D7407AC5-3D70-45AB-8850-7E639E717F02}.Debug|x86.Deploy.0 = Debug|Any CPU
		{D7407AC5-3D70-45AB-8850-7E639E717F02}.Release|Any CPU.ActiveCfg = Release|Any CPU
		{D7407AC5-3D70-45AB-8850-7E639E717F02}.Release|Any CPU.Build.0 = Release|Any CPU
		{D7407AC5-3D70-45AB-8850-7E639E717F02}.Release|Any CPU.Deploy.0 = Release|Any CPU
		{D7407AC5-3D70-45AB-8850-7E639E717F02}.Release|ARM.ActiveCfg = Release|Any CPU
		{D7407AC5-3D70-45AB-8850-7E639E717F02}.Release|ARM.Build.0 = Release|Any CPU
		{D7407AC5-3D70-45AB-8850-7E639E717F02}.Release|ARM.Deploy.0 = Release|Any CPU
		{D7407AC5-3D70-45AB-8850-7E639E717F02}.Release|iPhone.ActiveCfg = Release|Any CPU
		{D7407AC5-3D70-45AB-8850-7E639E717F02}.Release|iPhone.Build.0 = Release|Any CPU
		{D7407AC5-3D70-45AB-8850-7E639E717F02}.Release|iPhone.Deploy.0 = Release|Any CPU
		{D7407AC5-3D70-45AB-8850-7E639E717F02}.Release|iPhoneSimulator.ActiveCfg = Release|Any CPU
		{D7407AC5-3D70-45AB-8850-7E639E717F02}.Release|iPhoneSimulator.Build.0 = Release|Any CPU
		{D7407AC5-3D70-45AB-8850-7E639E717F02}.Release|iPhoneSimulator.Deploy.0 = Release|Any CPU
		{D7407AC5-3D70-45AB-8850-7E639E717F02}.Release|x64.ActiveCfg = Release|Any CPU
		{D7407AC5-3D70-45AB-8850-7E639E717F02}.Release|x64.Build.0 = Release|Any CPU
		{D7407AC5-3D70-45AB-8850-7E639E717F02}.Release|x64.Deploy.0 = Release|Any CPU
		{D7407AC5-3D70-45AB-8850-7E639E717F02}.Release|x86.ActiveCfg = Release|Any CPU
		{D7407AC5-3D70-45AB-8850-7E639E717F02}.Release|x86.Build.0 = Release|Any CPU
		{D7407AC5-3D70-45AB-8850-7E639E717F02}.Release|x86.Deploy.0 = Release|Any CPU
		{A75D3D08-F763-4DE9-9A85-8780277A93B3}.Ad-Hoc|Any CPU.ActiveCfg = Ad-Hoc|iPhone
		{A75D3D08-F763-4DE9-9A85-8780277A93B3}.Ad-Hoc|ARM.ActiveCfg = Ad-Hoc|iPhone
		{A75D3D08-F763-4DE9-9A85-8780277A93B3}.Ad-Hoc|iPhone.ActiveCfg = Ad-Hoc|iPhone
		{A75D3D08-F763-4DE9-9A85-8780277A93B3}.Ad-Hoc|iPhone.Build.0 = Ad-Hoc|iPhone
		{A75D3D08-F763-4DE9-9A85-8780277A93B3}.Ad-Hoc|iPhoneSimulator.ActiveCfg = Ad-Hoc|iPhoneSimulator
		{A75D3D08-F763-4DE9-9A85-8780277A93B3}.Ad-Hoc|iPhoneSimulator.Build.0 = Ad-Hoc|iPhoneSimulator
		{A75D3D08-F763-4DE9-9A85-8780277A93B3}.Ad-Hoc|x64.ActiveCfg = Ad-Hoc|iPhone
		{A75D3D08-F763-4DE9-9A85-8780277A93B3}.Ad-Hoc|x86.ActiveCfg = Ad-Hoc|iPhone
		{A75D3D08-F763-4DE9-9A85-8780277A93B3}.AppStore|Any CPU.ActiveCfg = AppStore|iPhone
		{A75D3D08-F763-4DE9-9A85-8780277A93B3}.AppStore|ARM.ActiveCfg = AppStore|iPhone
		{A75D3D08-F763-4DE9-9A85-8780277A93B3}.AppStore|iPhone.ActiveCfg = AppStore|iPhone
		{A75D3D08-F763-4DE9-9A85-8780277A93B3}.AppStore|iPhone.Build.0 = AppStore|iPhone
		{A75D3D08-F763-4DE9-9A85-8780277A93B3}.AppStore|iPhoneSimulator.ActiveCfg = AppStore|iPhoneSimulator
		{A75D3D08-F763-4DE9-9A85-8780277A93B3}.AppStore|iPhoneSimulator.Build.0 = AppStore|iPhoneSimulator
		{A75D3D08-F763-4DE9-9A85-8780277A93B3}.AppStore|x64.ActiveCfg = AppStore|iPhone
		{A75D3D08-F763-4DE9-9A85-8780277A93B3}.AppStore|x86.ActiveCfg = AppStore|iPhone
		{A75D3D08-F763-4DE9-9A85-8780277A93B3}.Debug|Any CPU.ActiveCfg = Debug|iPhone
		{A75D3D08-F763-4DE9-9A85-8780277A93B3}.Debug|ARM.ActiveCfg = Debug|iPhone
		{A75D3D08-F763-4DE9-9A85-8780277A93B3}.Debug|iPhone.ActiveCfg = Debug|iPhone
		{A75D3D08-F763-4DE9-9A85-8780277A93B3}.Debug|iPhone.Build.0 = Debug|iPhone
		{A75D3D08-F763-4DE9-9A85-8780277A93B3}.Debug|iPhoneSimulator.ActiveCfg = Debug|iPhoneSimulator
		{A75D3D08-F763-4DE9-9A85-8780277A93B3}.Debug|iPhoneSimulator.Build.0 = Debug|iPhoneSimulator
		{A75D3D08-F763-4DE9-9A85-8780277A93B3}.Debug|x64.ActiveCfg = Debug|iPhone
		{A75D3D08-F763-4DE9-9A85-8780277A93B3}.Debug|x86.ActiveCfg = Debug|iPhone
		{A75D3D08-F763-4DE9-9A85-8780277A93B3}.Release|Any CPU.ActiveCfg = Release|iPhone
		{A75D3D08-F763-4DE9-9A85-8780277A93B3}.Release|ARM.ActiveCfg = Release|iPhone
		{A75D3D08-F763-4DE9-9A85-8780277A93B3}.Release|iPhone.ActiveCfg = Release|iPhone
		{A75D3D08-F763-4DE9-9A85-8780277A93B3}.Release|iPhone.Build.0 = Release|iPhone
		{A75D3D08-F763-4DE9-9A85-8780277A93B3}.Release|iPhoneSimulator.ActiveCfg = Release|iPhoneSimulator
		{A75D3D08-F763-4DE9-9A85-8780277A93B3}.Release|iPhoneSimulator.Build.0 = Release|iPhoneSimulator
		{A75D3D08-F763-4DE9-9A85-8780277A93B3}.Release|x64.ActiveCfg = Release|iPhone
		{A75D3D08-F763-4DE9-9A85-8780277A93B3}.Release|x86.ActiveCfg = Release|iPhone
		{6C963085-B36C-441E-85C6-4AB649532265}.Ad-Hoc|Any CPU.ActiveCfg = Release|x86
		{6C963085-B36C-441E-85C6-4AB649532265}.Ad-Hoc|Any CPU.Build.0 = Release|x86
		{6C963085-B36C-441E-85C6-4AB649532265}.Ad-Hoc|Any CPU.Deploy.0 = Release|x86
		{6C963085-B36C-441E-85C6-4AB649532265}.Ad-Hoc|ARM.ActiveCfg = Release|ARM
		{6C963085-B36C-441E-85C6-4AB649532265}.Ad-Hoc|ARM.Build.0 = Release|ARM
		{6C963085-B36C-441E-85C6-4AB649532265}.Ad-Hoc|ARM.Deploy.0 = Release|ARM
		{6C963085-B36C-441E-85C6-4AB649532265}.Ad-Hoc|iPhone.ActiveCfg = Release|x86
		{6C963085-B36C-441E-85C6-4AB649532265}.Ad-Hoc|iPhone.Build.0 = Release|x86
		{6C963085-B36C-441E-85C6-4AB649532265}.Ad-Hoc|iPhone.Deploy.0 = Release|x86
		{6C963085-B36C-441E-85C6-4AB649532265}.Ad-Hoc|iPhoneSimulator.ActiveCfg = Release|x86
		{6C963085-B36C-441E-85C6-4AB649532265}.Ad-Hoc|iPhoneSimulator.Build.0 = Release|x86
		{6C963085-B36C-441E-85C6-4AB649532265}.Ad-Hoc|iPhoneSimulator.Deploy.0 = Release|x86
		{6C963085-B36C-441E-85C6-4AB649532265}.Ad-Hoc|x64.ActiveCfg = Release|x64
		{6C963085-B36C-441E-85C6-4AB649532265}.Ad-Hoc|x64.Build.0 = Release|x64
		{6C963085-B36C-441E-85C6-4AB649532265}.Ad-Hoc|x64.Deploy.0 = Release|x64
		{6C963085-B36C-441E-85C6-4AB649532265}.Ad-Hoc|x86.ActiveCfg = Release|x86
		{6C963085-B36C-441E-85C6-4AB649532265}.Ad-Hoc|x86.Build.0 = Release|x86
		{6C963085-B36C-441E-85C6-4AB649532265}.Ad-Hoc|x86.Deploy.0 = Release|x86
		{6C963085-B36C-441E-85C6-4AB649532265}.AppStore|Any CPU.ActiveCfg = Release|x86
		{6C963085-B36C-441E-85C6-4AB649532265}.AppStore|Any CPU.Build.0 = Release|x86
		{6C963085-B36C-441E-85C6-4AB649532265}.AppStore|Any CPU.Deploy.0 = Release|x86
		{6C963085-B36C-441E-85C6-4AB649532265}.AppStore|ARM.ActiveCfg = Release|ARM
		{6C963085-B36C-441E-85C6-4AB649532265}.AppStore|ARM.Build.0 = Release|ARM
		{6C963085-B36C-441E-85C6-4AB649532265}.AppStore|ARM.Deploy.0 = Release|ARM
		{6C963085-B36C-441E-85C6-4AB649532265}.AppStore|iPhone.ActiveCfg = Release|x86
		{6C963085-B36C-441E-85C6-4AB649532265}.AppStore|iPhone.Build.0 = Release|x86
		{6C963085-B36C-441E-85C6-4AB649532265}.AppStore|iPhone.Deploy.0 = Release|x86
		{6C963085-B36C-441E-85C6-4AB649532265}.AppStore|iPhoneSimulator.ActiveCfg = Release|x86
		{6C963085-B36C-441E-85C6-4AB649532265}.AppStore|iPhoneSimulator.Build.0 = Release|x86
		{6C963085-B36C-441E-85C6-4AB649532265}.AppStore|iPhoneSimulator.Deploy.0 = Release|x86
		{6C963085-B36C-441E-85C6-4AB649532265}.AppStore|x64.ActiveCfg = Release|x64
		{6C963085-B36C-441E-85C6-4AB649532265}.AppStore|x64.Build.0 = Release|x64
		{6C963085-B36C-441E-85C6-4AB649532265}.AppStore|x64.Deploy.0 = Release|x64
		{6C963085-B36C-441E-85C6-4AB649532265}.AppStore|x86.ActiveCfg = Release|x86
		{6C963085-B36C-441E-85C6-4AB649532265}.AppStore|x86.Build.0 = Release|x86
		{6C963085-B36C-441E-85C6-4AB649532265}.AppStore|x86.Deploy.0 = Release|x86
		{6C963085-B36C-441E-85C6-4AB649532265}.Debug|Any CPU.ActiveCfg = Debug|x86
		{6C963085-B36C-441E-85C6-4AB649532265}.Debug|ARM.ActiveCfg = Debug|ARM
		{6C963085-B36C-441E-85C6-4AB649532265}.Debug|ARM.Build.0 = Debug|ARM
		{6C963085-B36C-441E-85C6-4AB649532265}.Debug|ARM.Deploy.0 = Debug|ARM
		{6C963085-B36C-441E-85C6-4AB649532265}.Debug|iPhone.ActiveCfg = Debug|x86
		{6C963085-B36C-441E-85C6-4AB649532265}.Debug|iPhoneSimulator.ActiveCfg = Debug|x86
		{6C963085-B36C-441E-85C6-4AB649532265}.Debug|x64.ActiveCfg = Debug|x64
		{6C963085-B36C-441E-85C6-4AB649532265}.Debug|x64.Build.0 = Debug|x64
		{6C963085-B36C-441E-85C6-4AB649532265}.Debug|x64.Deploy.0 = Debug|x64
		{6C963085-B36C-441E-85C6-4AB649532265}.Debug|x86.ActiveCfg = Debug|x86
		{6C963085-B36C-441E-85C6-4AB649532265}.Debug|x86.Build.0 = Debug|x86
		{6C963085-B36C-441E-85C6-4AB649532265}.Debug|x86.Deploy.0 = Debug|x86
		{6C963085-B36C-441E-85C6-4AB649532265}.Release|Any CPU.ActiveCfg = Release|x86
		{6C963085-B36C-441E-85C6-4AB649532265}.Release|ARM.ActiveCfg = Release|ARM
		{6C963085-B36C-441E-85C6-4AB649532265}.Release|ARM.Build.0 = Release|ARM
		{6C963085-B36C-441E-85C6-4AB649532265}.Release|ARM.Deploy.0 = Release|ARM
		{6C963085-B36C-441E-85C6-4AB649532265}.Release|iPhone.ActiveCfg = Release|x86
		{6C963085-B36C-441E-85C6-4AB649532265}.Release|iPhoneSimulator.ActiveCfg = Release|x86
		{6C963085-B36C-441E-85C6-4AB649532265}.Release|x64.ActiveCfg = Release|x64
		{6C963085-B36C-441E-85C6-4AB649532265}.Release|x64.Build.0 = Release|x64
		{6C963085-B36C-441E-85C6-4AB649532265}.Release|x64.Deploy.0 = Release|x64
		{6C963085-B36C-441E-85C6-4AB649532265}.Release|x86.ActiveCfg = Release|x86
		{6C963085-B36C-441E-85C6-4AB649532265}.Release|x86.Build.0 = Release|x86
		{6C963085-B36C-441E-85C6-4AB649532265}.Release|x86.Deploy.0 = Release|x86
		{1B337F69-4361-494E-BA62-B0F7B0E35380}.Ad-Hoc|Any CPU.ActiveCfg = Debug|Any CPU
		{1B337F69-4361-494E-BA62-B0F7B0E35380}.Ad-Hoc|Any CPU.Build.0 = Debug|Any CPU
		{1B337F69-4361-494E-BA62-B0F7B0E35380}.Ad-Hoc|ARM.ActiveCfg = Debug|Any CPU
		{1B337F69-4361-494E-BA62-B0F7B0E35380}.Ad-Hoc|ARM.Build.0 = Debug|Any CPU
		{1B337F69-4361-494E-BA62-B0F7B0E35380}.Ad-Hoc|iPhone.ActiveCfg = Debug|Any CPU
		{1B337F69-4361-494E-BA62-B0F7B0E35380}.Ad-Hoc|iPhone.Build.0 = Debug|Any CPU
		{1B337F69-4361-494E-BA62-B0F7B0E35380}.Ad-Hoc|iPhoneSimulator.ActiveCfg = Debug|Any CPU
		{1B337F69-4361-494E-BA62-B0F7B0E35380}.Ad-Hoc|iPhoneSimulator.Build.0 = Debug|Any CPU
		{1B337F69-4361-494E-BA62-B0F7B0E35380}.Ad-Hoc|x64.ActiveCfg = Debug|Any CPU
		{1B337F69-4361-494E-BA62-B0F7B0E35380}.Ad-Hoc|x64.Build.0 = Debug|Any CPU
		{1B337F69-4361-494E-BA62-B0F7B0E35380}.Ad-Hoc|x86.ActiveCfg = Debug|Any CPU
		{1B337F69-4361-494E-BA62-B0F7B0E35380}.Ad-Hoc|x86.Build.0 = Debug|Any CPU
		{1B337F69-4361-494E-BA62-B0F7B0E35380}.AppStore|Any CPU.ActiveCfg = Debug|Any CPU
		{1B337F69-4361-494E-BA62-B0F7B0E35380}.AppStore|Any CPU.Build.0 = Debug|Any CPU
		{1B337F69-4361-494E-BA62-B0F7B0E35380}.AppStore|ARM.ActiveCfg = Debug|Any CPU
		{1B337F69-4361-494E-BA62-B0F7B0E35380}.AppStore|ARM.Build.0 = Debug|Any CPU
		{1B337F69-4361-494E-BA62-B0F7B0E35380}.AppStore|iPhone.ActiveCfg = Debug|Any CPU
		{1B337F69-4361-494E-BA62-B0F7B0E35380}.AppStore|iPhone.Build.0 = Debug|Any CPU
		{1B337F69-4361-494E-BA62-B0F7B0E35380}.AppStore|iPhoneSimulator.ActiveCfg = Debug|Any CPU
		{1B337F69-4361-494E-BA62-B0F7B0E35380}.AppStore|iPhoneSimulator.Build.0 = Debug|Any CPU
		{1B337F69-4361-494E-BA62-B0F7B0E35380}.AppStore|x64.ActiveCfg = Debug|Any CPU
		{1B337F69-4361-494E-BA62-B0F7B0E35380}.AppStore|x64.Build.0 = Debug|Any CPU
		{1B337F69-4361-494E-BA62-B0F7B0E35380}.AppStore|x86.ActiveCfg = Debug|Any CPU
		{1B337F69-4361-494E-BA62-B0F7B0E35380}.AppStore|x86.Build.0 = Debug|Any CPU
		{1B337F69-4361-494E-BA62-B0F7B0E35380}.Debug|Any CPU.ActiveCfg = Debug|Any CPU
		{1B337F69-4361-494E-BA62-B0F7B0E35380}.Debug|Any CPU.Build.0 = Debug|Any CPU
		{1B337F69-4361-494E-BA62-B0F7B0E35380}.Debug|ARM.ActiveCfg = Debug|Any CPU
		{1B337F69-4361-494E-BA62-B0F7B0E35380}.Debug|ARM.Build.0 = Debug|Any CPU
		{1B337F69-4361-494E-BA62-B0F7B0E35380}.Debug|iPhone.ActiveCfg = Debug|Any CPU
		{1B337F69-4361-494E-BA62-B0F7B0E35380}.Debug|iPhone.Build.0 = Debug|Any CPU
		{1B337F69-4361-494E-BA62-B0F7B0E35380}.Debug|iPhoneSimulator.ActiveCfg = Debug|Any CPU
		{1B337F69-4361-494E-BA62-B0F7B0E35380}.Debug|iPhoneSimulator.Build.0 = Debug|Any CPU
		{1B337F69-4361-494E-BA62-B0F7B0E35380}.Debug|x64.ActiveCfg = Debug|Any CPU
		{1B337F69-4361-494E-BA62-B0F7B0E35380}.Debug|x64.Build.0 = Debug|Any CPU
		{1B337F69-4361-494E-BA62-B0F7B0E35380}.Debug|x86.ActiveCfg = Debug|Any CPU
		{1B337F69-4361-494E-BA62-B0F7B0E35380}.Debug|x86.Build.0 = Debug|Any CPU
		{1B337F69-4361-494E-BA62-B0F7B0E35380}.Release|Any CPU.ActiveCfg = Release|Any CPU
		{1B337F69-4361-494E-BA62-B0F7B0E35380}.Release|Any CPU.Build.0 = Release|Any CPU
		{1B337F69-4361-494E-BA62-B0F7B0E35380}.Release|ARM.ActiveCfg = Release|Any CPU
		{1B337F69-4361-494E-BA62-B0F7B0E35380}.Release|ARM.Build.0 = Release|Any CPU
		{1B337F69-4361-494E-BA62-B0F7B0E35380}.Release|iPhone.ActiveCfg = Release|Any CPU
		{1B337F69-4361-494E-BA62-B0F7B0E35380}.Release|iPhone.Build.0 = Release|Any CPU
		{1B337F69-4361-494E-BA62-B0F7B0E35380}.Release|iPhoneSimulator.ActiveCfg = Release|Any CPU
		{1B337F69-4361-494E-BA62-B0F7B0E35380}.Release|iPhoneSimulator.Build.0 = Release|Any CPU
		{1B337F69-4361-494E-BA62-B0F7B0E35380}.Release|x64.ActiveCfg = Release|Any CPU
		{1B337F69-4361-494E-BA62-B0F7B0E35380}.Release|x64.Build.0 = Release|Any CPU
		{1B337F69-4361-494E-BA62-B0F7B0E35380}.Release|x86.ActiveCfg = Release|Any CPU
		{1B337F69-4361-494E-BA62-B0F7B0E35380}.Release|x86.Build.0 = Release|Any CPU
	EndGlobalSection
	GlobalSection(SolutionProperties) = preSolution
		HideSolutionNode = FALSE
	EndGlobalSection
	GlobalSection(ExtensibilityGlobals) = postSolution
		SolutionGuid = {844A8555-F1A2-4225-929D-64B43417BFE1}
	EndGlobalSection
EndGlobal
